
Microsoft Visual Studio Solution File, Format Version 12.00
# Visual Studio Version 16
VisualStudioVersion = 16.0.29920.165
MinimumVisualStudioVersion = 10.0.40219.1
Project("{FAE04EC0-301F-11D3-BF4B-00C04F79EFBC}") = "ProiectIP", "ProiectIP\ProiectIP.csproj", "{63647C3E-78FC-4B36-89A7-2EE6995F0CE1}"
EndProject
Project("{FAE04EC0-301F-11D3-BF4B-00C04F79EFBC}") = "UnitTestChat", "UnitTestChat\UnitTestChat.csproj", "{4071770C-340A-40C2-9DC9-04B34D6F2FE6}"
EndProject
Global
	GlobalSection(SolutionConfigurationPlatforms) = preSolution
		Debug|Any CPU = Debug|Any CPU
		Release|Any CPU = Release|Any CPU
	EndGlobalSection
	GlobalSection(ProjectConfigurationPlatforms) = postSolution
		{63647C3E-78FC-4B36-89A7-2EE6995F0CE1}.Debug|Any CPU.ActiveCfg = Debug|Any CPU
		{63647C3E-78FC-4B36-89A7-2EE6995F0CE1}.Debug|Any CPU.Build.0 = Debug|Any CPU
		{63647C3E-78FC-4B36-89A7-2EE6995F0CE1}.Release|Any CPU.ActiveCfg = Release|Any CPU
		{63647C3E-78FC-4B36-89A7-2EE6995F0CE1}.Release|Any CPU.Build.0 = Release|Any CPU
		{4071770C-340A-40C2-9DC9-04B34D6F2FE6}.Debug|Any CPU.ActiveCfg = Debug|Any CPU
		{4071770C-340A-40C2-9DC9-04B34D6F2FE6}.Debug|Any CPU.Build.0 = Debug|Any CPU
		{4071770C-340A-40C2-9DC9-04B34D6F2FE6}.Release|Any CPU.ActiveCfg = Release|Any CPU
		{4071770C-340A-40C2-9DC9-04B34D6F2FE6}.Release|Any CPU.Build.0 = Release|Any CPU
	EndGlobalSection
	GlobalSection(SolutionProperties) = preSolution
		HideSolutionNode = FALSE
	EndGlobalSection
	GlobalSection(ExtensibilityGlobals) = postSolution
		SolutionGuid = {10B9FC71-E90A-4F0A-A50C-D68C404D6A98}
	EndGlobalSection
EndGlobal
